
Microsoft Visual Studio Solution File, Format Version 12.00
# Visual Studio Version 16
VisualStudioVersion = 16.0.30621.155
MinimumVisualStudioVersion = 10.0.40219.1
Project("{FAE04EC0-301F-11D3-BF4B-00C04F79EFBC}") = "Fakturace", "Fakturace\Fakturace.csproj", "{4BC984B4-2744-4F7B-8986-499E7C1B023F}"
EndProject
Global
	GlobalSection(SolutionConfigurationPlatforms) = preSolution
		Debug|Any CPU = Debug|Any CPU
		Release|Any CPU = Release|Any CPU
	EndGlobalSection
	GlobalSection(ProjectConfigurationPlatforms) = postSolution
		{4BC984B4-2744-4F7B-8986-499E7C1B023F}.Debug|Any CPU.ActiveCfg = Debug|Any CPU
		{4BC984B4-2744-4F7B-8986-499E7C1B023F}.Debug|Any CPU.Build.0 = Debug|Any CPU
		{4BC984B4-2744-4F7B-8986-499E7C1B023F}.Release|Any CPU.ActiveCfg = Release|Any CPU
		{4BC984B4-2744-4F7B-8986-499E7C1B023F}.Release|Any CPU.Build.0 = Release|Any CPU
	EndGlobalSection
	GlobalSection(SolutionProperties) = preSolution
		HideSolutionNode = FALSE
	EndGlobalSection
	GlobalSection(ExtensibilityGlobals) = postSolution
		SolutionGuid = {2E1D5C6C-681E-48E5-80DE-3CDB0EB9D986}
	EndGlobalSection
EndGlobal
